// !$*UTF8*$!
{
	archiveVersion = 1;
	classes = {
	};
	objectVersion = 56;
	objects = {

/* Begin PBXBuildFile section */
		65DBF1402AE8F46100FB971B /* AppDelegate.swift in Sources */ = {isa = PBXBuildFile; fileRef = 65DBF13F2AE8F46100FB971B /* AppDelegate.swift */; };
		65DBF1422AE8F46100FB971B /* SceneDelegate.swift in Sources */ = {isa = PBXBuildFile; fileRef = 65DBF1412AE8F46100FB971B /* SceneDelegate.swift */; };
		65DBF1472AE8F46100FB971B /* Main.storyboard in Resources */ = {isa = PBXBuildFile; fileRef = 65DBF1452AE8F46100FB971B /* Main.storyboard */; };
		65DBF1492AE8F46200FB971B /* Assets.xcassets in Resources */ = {isa = PBXBuildFile; fileRef = 65DBF1482AE8F46200FB971B /* Assets.xcassets */; };
		65DBF14C2AE8F46200FB971B /* LaunchScreen.storyboard in Resources */ = {isa = PBXBuildFile; fileRef = 65DBF14A2AE8F46200FB971B /* LaunchScreen.storyboard */; };
		65DBF1542AE8F5BB00FB971B /* GamesViewController.swift in Sources */ = {isa = PBXBuildFile; fileRef = 65DBF1532AE8F5BB00FB971B /* GamesViewController.swift */; };
		65DBF1562AE8F5C700FB971B /* FavoritesViewController.swift in Sources */ = {isa = PBXBuildFile; fileRef = 65DBF1552AE8F5C700FB971B /* FavoritesViewController.swift */; };
		65DBF1592AE8F65100FB971B /* Alamofire in Frameworks */ = {isa = PBXBuildFile; productRef = 65DBF1582AE8F65100FB971B /* Alamofire */; };
		65DBF15C2AE8F78000FB971B /* ApiDataModel.swift in Sources */ = {isa = PBXBuildFile; fileRef = 65DBF15B2AE8F78000FB971B /* ApiDataModel.swift */; };
		65DBF1622AE8FBF500FB971B /* CustomCollectionViewCell.swift in Sources */ = {isa = PBXBuildFile; fileRef = 65DBF1602AE8FBF500FB971B /* CustomCollectionViewCell.swift */; };
		65DBF1632AE8FBF500FB971B /* CustomCollectionViewCell.xib in Resources */ = {isa = PBXBuildFile; fileRef = 65DBF1612AE8FBF500FB971B /* CustomCollectionViewCell.xib */; };
		65DBF1662AE902A400FB971B /* AlamofireImage in Frameworks */ = {isa = PBXBuildFile; productRef = 65DBF1652AE902A400FB971B /* AlamofireImage */; };
		65DBF1682AE90CA200FB971B /* DetailViewController.swift in Sources */ = {isa = PBXBuildFile; fileRef = 65DBF1672AE90CA200FB971B /* DetailViewController.swift */; };
/* End PBXBuildFile section */

/* Begin PBXFileReference section */
		65DBF13C2AE8F46100FB971B /* iOSEvalFinal.app */ = {isa = PBXFileReference; explicitFileType = wrapper.application; includeInIndex = 0; path = iOSEvalFinal.app; sourceTree = BUILT_PRODUCTS_DIR; };
		65DBF13F2AE8F46100FB971B /* AppDelegate.swift */ = {isa = PBXFileReference; lastKnownFileType = sourcecode.swift; path = AppDelegate.swift; sourceTree = "<group>"; };
		65DBF1412AE8F46100FB971B /* SceneDelegate.swift */ = {isa = PBXFileReference; lastKnownFileType = sourcecode.swift; path = SceneDelegate.swift; sourceTree = "<group>"; };
		65DBF1462AE8F46100FB971B /* Base */ = {isa = PBXFileReference; lastKnownFileType = file.storyboard; name = Base; path = Base.lproj/Main.storyboard; sourceTree = "<group>"; };
		65DBF1482AE8F46200FB971B /* Assets.xcassets */ = {isa = PBXFileReference; lastKnownFileType = folder.assetcatalog; path = Assets.xcassets; sourceTree = "<group>"; };
		65DBF14B2AE8F46200FB971B /* Base */ = {isa = PBXFileReference; lastKnownFileType = file.storyboard; name = Base; path = Base.lproj/LaunchScreen.storyboard; sourceTree = "<group>"; };
		65DBF14D2AE8F46200FB971B /* Info.plist */ = {isa = PBXFileReference; lastKnownFileType = text.plist.xml; path = Info.plist; sourceTree = "<group>"; };
		65DBF1532AE8F5BB00FB971B /* GamesViewController.swift */ = {isa = PBXFileReference; lastKnownFileType = sourcecode.swift; path = GamesViewController.swift; sourceTree = "<group>"; };
		65DBF1552AE8F5C700FB971B /* FavoritesViewController.swift */ = {isa = PBXFileReference; lastKnownFileType = sourcecode.swift; path = FavoritesViewController.swift; sourceTree = "<group>"; };
		65DBF15B2AE8F78000FB971B /* ApiDataModel.swift */ = {isa = PBXFileReference; lastKnownFileType = sourcecode.swift; path = ApiDataModel.swift; sourceTree = "<group>"; };
		65DBF1602AE8FBF500FB971B /* CustomCollectionViewCell.swift */ = {isa = PBXFileReference; lastKnownFileType = sourcecode.swift; path = CustomCollectionViewCell.swift; sourceTree = "<group>"; };
		65DBF1612AE8FBF500FB971B /* CustomCollectionViewCell.xib */ = {isa = PBXFileReference; lastKnownFileType = file.xib; path = CustomCollectionViewCell.xib; sourceTree = "<group>"; };
		65DBF1672AE90CA200FB971B /* DetailViewController.swift */ = {isa = PBXFileReference; lastKnownFileType = sourcecode.swift; path = DetailViewController.swift; sourceTree = "<group>"; };
/* End PBXFileReference section */

/* Begin PBXFrameworksBuildPhase section */
		65DBF1392AE8F46100FB971B /* Frameworks */ = {
			isa = PBXFrameworksBuildPhase;
			buildActionMask = 2147483647;
			files = (
				65DBF1592AE8F65100FB971B /* Alamofire in Frameworks */,
				65DBF1662AE902A400FB971B /* AlamofireImage in Frameworks */,
			);
			runOnlyForDeploymentPostprocessing = 0;
		};
/* End PBXFrameworksBuildPhase section */

/* Begin PBXGroup section */
		65DBF1332AE8F46100FB971B = {
			isa = PBXGroup;
			children = (
				65DBF13E2AE8F46100FB971B /* iOSEvalFinal */,
				65DBF13D2AE8F46100FB971B /* Products */,
			);
			sourceTree = "<group>";
		};
		65DBF13D2AE8F46100FB971B /* Products */ = {
			isa = PBXGroup;
			children = (
				65DBF13C2AE8F46100FB971B /* iOSEvalFinal.app */,
			);
			name = Products;
			sourceTree = "<group>";
		};
		65DBF13E2AE8F46100FB971B /* iOSEvalFinal */ = {
			isa = PBXGroup;
			children = (
				65DBF15D2AE8FB9D00FB971B /* views */,
				65DBF15A2AE8F74D00FB971B /* api */,
				65DBF13F2AE8F46100FB971B /* AppDelegate.swift */,
				65DBF1412AE8F46100FB971B /* SceneDelegate.swift */,
				65DBF1672AE90CA200FB971B /* DetailViewController.swift */,
				65DBF1452AE8F46100FB971B /* Main.storyboard */,
				65DBF1482AE8F46200FB971B /* Assets.xcassets */,
				65DBF14A2AE8F46200FB971B /* LaunchScreen.storyboard */,
				65DBF14D2AE8F46200FB971B /* Info.plist */,
			);
			path = iOSEvalFinal;
			sourceTree = "<group>";
		};
		65DBF15A2AE8F74D00FB971B /* api */ = {
			isa = PBXGroup;
			children = (
				65DBF15B2AE8F78000FB971B /* ApiDataModel.swift */,
			);
			path = api;
			sourceTree = "<group>";
		};
		65DBF15D2AE8FB9D00FB971B /* views */ = {
			isa = PBXGroup;
			children = (
				65DBF15F2AE8FBBB00FB971B /* favorite */,
				65DBF15E2AE8FBAE00FB971B /* game */,
			);
			path = views;
			sourceTree = "<group>";
		};
		65DBF15E2AE8FBAE00FB971B /* game */ = {
			isa = PBXGroup;
			children = (
				65DBF1532AE8F5BB00FB971B /* GamesViewController.swift */,
				65DBF1602AE8FBF500FB971B /* CustomCollectionViewCell.swift */,
				65DBF1612AE8FBF500FB971B /* CustomCollectionViewCell.xib */,
			);
			path = game;
			sourceTree = "<group>";
		};
		65DBF15F2AE8FBBB00FB971B /* favorite */ = {
			isa = PBXGroup;
			children = (
				65DBF1552AE8F5C700FB971B /* FavoritesViewController.swift */,
			);
			path = favorite;
			sourceTree = "<group>";
		};
/* End PBXGroup section */

/* Begin PBXNativeTarget section */
		65DBF13B2AE8F46100FB971B /* iOSEvalFinal */ = {
			isa = PBXNativeTarget;
			buildConfigurationList = 65DBF1502AE8F46200FB971B /* Build configuration list for PBXNativeTarget "iOSEvalFinal" */;
			buildPhases = (
				65DBF1382AE8F46100FB971B /* Sources */,
				65DBF1392AE8F46100FB971B /* Frameworks */,
				65DBF13A2AE8F46100FB971B /* Resources */,
			);
			buildRules = (
			);
			dependencies = (
			);
			name = iOSEvalFinal;
			packageProductDependencies = (
				65DBF1582AE8F65100FB971B /* Alamofire */,
				65DBF1652AE902A400FB971B /* AlamofireImage */,
			);
			productName = iOSEvalFinal;
			productReference = 65DBF13C2AE8F46100FB971B /* iOSEvalFinal.app */;
			productType = "com.apple.product-type.application";
		};
/* End PBXNativeTarget section */

/* Begin PBXProject section */
		65DBF1342AE8F46100FB971B /* Project object */ = {
			isa = PBXProject;
			attributes = {
				BuildIndependentTargetsInParallel = 1;
				LastSwiftUpdateCheck = 1500;
				LastUpgradeCheck = 1500;
				TargetAttributes = {
					65DBF13B2AE8F46100FB971B = {
						CreatedOnToolsVersion = 15.0;
					};
				};
			};
			buildConfigurationList = 65DBF1372AE8F46100FB971B /* Build configuration list for PBXProject "iOSEvalFinal" */;
			compatibilityVersion = "Xcode 14.0";
			developmentRegion = en;
			hasScannedForEncodings = 0;
			knownRegions = (
				en,
				Base,
			);
			mainGroup = 65DBF1332AE8F46100FB971B;
			packageReferences = (
				65DBF1572AE8F65100FB971B /* XCRemoteSwiftPackageReference "Alamofire" */,
				65DBF1642AE902A400FB971B /* XCRemoteSwiftPackageReference "AlamofireImage" */,
			);
			productRefGroup = 65DBF13D2AE8F46100FB971B /* Products */;
			projectDirPath = "";
			projectRoot = "";
			targets = (
				65DBF13B2AE8F46100FB971B /* iOSEvalFinal */,
			);
		};
/* End PBXProject section */

/* Begin PBXResourcesBuildPhase section */
		65DBF13A2AE8F46100FB971B /* Resources */ = {
			isa = PBXResourcesBuildPhase;
			buildActionMask = 2147483647;
			files = (
				65DBF14C2AE8F46200FB971B /* LaunchScreen.storyboard in Resources */,
				65DBF1492AE8F46200FB971B /* Assets.xcassets in Resources */,
				65DBF1472AE8F46100FB971B /* Main.storyboard in Resources */,
				65DBF1632AE8FBF500FB971B /* CustomCollectionViewCell.xib in Resources */,
			);
			runOnlyForDeploymentPostprocessing = 0;
		};
/* End PBXResourcesBuildPhase section */

/* Begin PBXSourcesBuildPhase section */
		65DBF1382AE8F46100FB971B /* Sources */ = {
			isa = PBXSourcesBuildPhase;
			buildActionMask = 2147483647;
			files = (
				65DBF1542AE8F5BB00FB971B /* GamesViewController.swift in Sources */,
				65DBF1622AE8FBF500FB971B /* CustomCollectionViewCell.swift in Sources */,
				65DBF1402AE8F46100FB971B /* AppDelegate.swift in Sources */,
				65DBF1562AE8F5C700FB971B /* FavoritesViewController.swift in Sources */,
				65DBF15C2AE8F78000FB971B /* ApiDataModel.swift in Sources */,
				65DBF1422AE8F46100FB971B /* SceneDelegate.swift in Sources */,
				65DBF1682AE90CA200FB971B /* DetailViewController.swift in Sources */,
			);
			runOnlyForDeploymentPostprocessing = 0;
		};
/* End PBXSourcesBuildPhase section */

/* Begin PBXVariantGroup section */
		65DBF1452AE8F46100FB971B /* Main.storyboard */ = {
			isa = PBXVariantGroup;
			children = (
				65DBF1462AE8F46100FB971B /* Base */,
			);
			name = Main.storyboard;
			sourceTree = "<group>";
		};
		65DBF14A2AE8F46200FB971B /* LaunchScreen.storyboard */ = {
			isa = PBXVariantGroup;
			children = (
				65DBF14B2AE8F46200FB971B /* Base */,
			);
			name = LaunchScreen.storyboard;
			sourceTree = "<group>";
		};
/* End PBXVariantGroup section */

/* Begin XCBuildConfiguration section */
		65DBF14E2AE8F46200FB971B /* Debug */ = {
			isa = XCBuildConfiguration;
			buildSettings = {
				ALWAYS_SEARCH_USER_PATHS = NO;
				ASSETCATALOG_COMPILER_GENERATE_SWIFT_ASSET_SYMBOL_EXTENSIONS = YES;
				CLANG_ANALYZER_NONNULL = YES;
				CLANG_ANALYZER_NUMBER_OBJECT_CONVERSION = YES_AGGRESSIVE;
				CLANG_CXX_LANGUAGE_STANDARD = "gnu++20";
				CLANG_ENABLE_MODULES = YES;
				CLANG_ENABLE_OBJC_ARC = YES;
				CLANG_ENABLE_OBJC_WEAK = YES;
				CLANG_WARN_BLOCK_CAPTURE_AUTORELEASING = YES;
				CLANG_WARN_BOOL_CONVERSION = YES;
				CLANG_WARN_COMMA = YES;
				CLANG_WARN_CONSTANT_CONVERSION = YES;
				CLANG_WARN_DEPRECATED_OBJC_IMPLEMENTATIONS = YES;
				CLANG_WARN_DIRECT_OBJC_ISA_USAGE = YES_ERROR;
				CLANG_WARN_DOCUMENTATION_COMMENTS = YES;
				CLANG_WARN_EMPTY_BODY = YES;
				CLANG_WARN_ENUM_CONVERSION = YES;
				CLANG_WARN_INFINITE_RECURSION = YES;
				CLANG_WARN_INT_CONVERSION = YES;
				CLANG_WARN_NON_LITERAL_NULL_CONVERSION = YES;
				CLANG_WARN_OBJC_IMPLICIT_RETAIN_SELF = YES;
				CLANG_WARN_OBJC_LITERAL_CONVERSION = YES;
				CLANG_WARN_OBJC_ROOT_CLASS = YES_ERROR;
				CLANG_WARN_QUOTED_INCLUDE_IN_FRAMEWORK_HEADER = YES;
				CLANG_WARN_RANGE_LOOP_ANALYSIS = YES;
				CLANG_WARN_STRICT_PROTOTYPES = YES;
				CLANG_WARN_SUSPICIOUS_MOVE = YES;
				CLANG_WARN_UNGUARDED_AVAILABILITY = YES_AGGRESSIVE;
				CLANG_WARN_UNREACHABLE_CODE = YES;
				CLANG_WARN__DUPLICATE_METHOD_MATCH = YES;
				COPY_PHASE_STRIP = NO;
				DEBUG_INFORMATION_FORMAT = dwarf;
				ENABLE_STRICT_OBJC_MSGSEND = YES;
				ENABLE_TESTABILITY = YES;
				ENABLE_USER_SCRIPT_SANDBOXING = YES;
				GCC_C_LANGUAGE_STANDARD = gnu17;
				GCC_DYNAMIC_NO_PIC = NO;
				GCC_NO_COMMON_BLOCKS = YES;
				GCC_OPTIMIZATION_LEVEL = 0;
				GCC_PREPROCESSOR_DEFINITIONS = (
					"DEBUG=1",
					"$(inherited)",
				);
				GCC_WARN_64_TO_32_BIT_CONVERSION = YES;
				GCC_WARN_ABOUT_RETURN_TYPE = YES_ERROR;
				GCC_WARN_UNDECLARED_SELECTOR = YES;
				GCC_WARN_UNINITIALIZED_AUTOS = YES_AGGRESSIVE;
				GCC_WARN_UNUSED_FUNCTION = YES;
				GCC_WARN_UNUSED_VARIABLE = YES;
				IPHONEOS_DEPLOYMENT_TARGET = 17.0;
				LOCALIZATION_PREFERS_STRING_CATALOGS = YES;
				MTL_ENABLE_DEBUG_INFO = INCLUDE_SOURCE;
				MTL_FAST_MATH = YES;
				ONLY_ACTIVE_ARCH = YES;
				SDKROOT = iphoneos;
				SWIFT_ACTIVE_COMPILATION_CONDITIONS = "DEBUG $(inherited)";
				SWIFT_OPTIMIZATION_LEVEL = "-Onone";
			};
			name = Debug;
		};
		65DBF14F2AE8F46200FB971B /* Release */ = {
			isa = XCBuildConfiguration;
			buildSettings = {
				ALWAYS_SEARCH_USER_PATHS = NO;
				ASSETCATALOG_COMPILER_GENERATE_SWIFT_ASSET_SYMBOL_EXTENSIONS = YES;
				CLANG_ANALYZER_NONNULL = YES;
				CLANG_ANALYZER_NUMBER_OBJECT_CONVERSION = YES_AGGRESSIVE;
				CLANG_CXX_LANGUAGE_STANDARD = "gnu++20";
				CLANG_ENABLE_MODULES = YES;
				CLANG_ENABLE_OBJC_ARC = YES;
				CLANG_ENABLE_OBJC_WEAK = YES;
				CLANG_WARN_BLOCK_CAPTURE_AUTORELEASING = YES;
				CLANG_WARN_BOOL_CONVERSION = YES;
				CLANG_WARN_COMMA = YES;
				CLANG_WARN_CONSTANT_CONVERSION = YES;
				CLANG_WARN_DEPRECATED_OBJC_IMPLEMENTATIONS = YES;
				CLANG_WARN_DIRECT_OBJC_ISA_USAGE = YES_ERROR;
				CLANG_WARN_DOCUMENTATION_COMMENTS = YES;
				CLANG_WARN_EMPTY_BODY = YES;
				CLANG_WARN_ENUM_CONVERSION = YES;
				CLANG_WARN_INFINITE_RECURSION = YES;
				CLANG_WARN_INT_CONVERSION = YES;
				CLANG_WARN_NON_LITERAL_NULL_CONVERSION = YES;
				CLANG_WARN_OBJC_IMPLICIT_RETAIN_SELF = YES;
				CLANG_WARN_OBJC_LITERAL_CONVERSION = YES;
				CLANG_WARN_OBJC_ROOT_CLASS = YES_ERROR;
				CLANG_WARN_QUOTED_INCLUDE_IN_FRAMEWORK_HEADER = YES;
				CLANG_WARN_RANGE_LOOP_ANALYSIS = YES;
				CLANG_WARN_STRICT_PROTOTYPES = YES;
				CLANG_WARN_SUSPICIOUS_MOVE = YES;
				CLANG_WARN_UNGUARDED_AVAILABILITY = YES_AGGRESSIVE;
				CLANG_WARN_UNREACHABLE_CODE = YES;
				CLANG_WARN__DUPLICATE_METHOD_MATCH = YES;
				COPY_PHASE_STRIP = NO;
				DEBUG_INFORMATION_FORMAT = "dwarf-with-dsym";
				ENABLE_NS_ASSERTIONS = NO;
				ENABLE_STRICT_OBJC_MSGSEND = YES;
				ENABLE_USER_SCRIPT_SANDBOXING = YES;
				GCC_C_LANGUAGE_STANDARD = gnu17;
				GCC_NO_COMMON_BLOCKS = YES;
				GCC_WARN_64_TO_32_BIT_CONVERSION = YES;
				GCC_WARN_ABOUT_RETURN_TYPE = YES_ERROR;
				GCC_WARN_UNDECLARED_SELECTOR = YES;
				GCC_WARN_UNINITIALIZED_AUTOS = YES_AGGRESSIVE;
				GCC_WARN_UNUSED_FUNCTION = YES;
				GCC_WARN_UNUSED_VARIABLE = YES;
				IPHONEOS_DEPLOYMENT_TARGET = 17.0;
				LOCALIZATION_PREFERS_STRING_CATALOGS = YES;
				MTL_ENABLE_DEBUG_INFO = NO;
				MTL_FAST_MATH = YES;
				SDKROOT = iphoneos;
				SWIFT_COMPILATION_MODE = wholemodule;
				VALIDATE_PRODUCT = YES;
			};
			name = Release;
		};
		65DBF1512AE8F46200FB971B /* Debug */ = {
			isa = XCBuildConfiguration;
			buildSettings = {
				ASSETCATALOG_COMPILER_APPICON_NAME = AppIcon;
				ASSETCATALOG_COMPILER_GLOBAL_ACCENT_COLOR_NAME = AccentColor;
				CODE_SIGN_STYLE = Automatic;
				CURRENT_PROJECT_VERSION = 1;
				DEVELOPMENT_TEAM = FA65S9K7YK;
				GENERATE_INFOPLIST_FILE = YES;
				INFOPLIST_FILE = iOSEvalFinal/Info.plist;
				INFOPLIST_KEY_UIApplicationSupportsIndirectInputEvents = YES;
				INFOPLIST_KEY_UILaunchStoryboardName = LaunchScreen;
				INFOPLIST_KEY_UIMainStoryboardFile = Main;
				INFOPLIST_KEY_UISupportedInterfaceOrientations_iPad = "UIInterfaceOrientationPortrait UIInterfaceOrientationPortraitUpsideDown UIInterfaceOrientationLandscapeLeft UIInterfaceOrientationLandscapeRight";
				INFOPLIST_KEY_UISupportedInterfaceOrientations_iPhone = "UIInterfaceOrientationPortrait UIInterfaceOrientationLandscapeLeft UIInterfaceOrientationLandscapeRight";
				LD_RUNPATH_SEARCH_PATHS = (
					"$(inherited)",
					"@executable_path/Frameworks",
				);
				MARKETING_VERSION = 1.0;
				PRODUCT_BUNDLE_IDENTIFIER = be.technifutur.iOSEvalFinal;
				PRODUCT_NAME = "$(TARGET_NAME)";
				SWIFT_EMIT_LOC_STRINGS = YES;
				SWIFT_VERSION = 5.0;
				TARGETED_DEVICE_FAMILY = "1,2";
			};
			name = Debug;
		};
		65DBF1522AE8F46200FB971B /* Release */ = {
			isa = XCBuildConfiguration;
			buildSettings = {
				ASSETCATALOG_COMPILER_APPICON_NAME = AppIcon;
				ASSETCATALOG_COMPILER_GLOBAL_ACCENT_COLOR_NAME = AccentColor;
				CODE_SIGN_STYLE = Automatic;
				CURRENT_PROJECT_VERSION = 1;
				DEVELOPMENT_TEAM = FA65S9K7YK;
				GENERATE_INFOPLIST_FILE = YES;
				INFOPLIST_FILE = iOSEvalFinal/Info.plist;
				INFOPLIST_KEY_UIApplicationSupportsIndirectInputEvents = YES;
				INFOPLIST_KEY_UILaunchStoryboardName = LaunchScreen;
				INFOPLIST_KEY_UIMainStoryboardFile = Main;
				INFOPLIST_KEY_UISupportedInterfaceOrientations_iPad = "UIInterfaceOrientationPortrait UIInterfaceOrientationPortraitUpsideDown UIInterfaceOrientationLandscapeLeft UIInterfaceOrientationLandscapeRight";
				INFOPLIST_KEY_UISupportedInterfaceOrientations_iPhone = "UIInterfaceOrientationPortrait UIInterfaceOrientationLandscapeLeft UIInterfaceOrientationLandscapeRight";
				LD_RUNPATH_SEARCH_PATHS = (
					"$(inherited)",
					"@executable_path/Frameworks",
				);
				MARKETING_VERSION = 1.0;
				PRODUCT_BUNDLE_IDENTIFIER = be.technifutur.iOSEvalFinal;
				PRODUCT_NAME = "$(TARGET_NAME)";
				SWIFT_EMIT_LOC_STRINGS = YES;
				SWIFT_VERSION = 5.0;
				TARGETED_DEVICE_FAMILY = "1,2";
			};
			name = Release;
		};
/* End XCBuildConfiguration section */

/* Begin XCConfigurationList section */
		65DBF1372AE8F46100FB971B /* Build configuration list for PBXProject "iOSEvalFinal" */ = {
			isa = XCConfigurationList;
			buildConfigurations = (
				65DBF14E2AE8F46200FB971B /* Debug */,
				65DBF14F2AE8F46200FB971B /* Release */,
			);
			defaultConfigurationIsVisible = 0;
			defaultConfigurationName = Release;
		};
		65DBF1502AE8F46200FB971B /* Build configuration list for PBXNativeTarget "iOSEvalFinal" */ = {
			isa = XCConfigurationList;
			buildConfigurations = (
				65DBF1512AE8F46200FB971B /* Debug */,
				65DBF1522AE8F46200FB971B /* Release */,
			);
			defaultConfigurationIsVisible = 0;
			defaultConfigurationName = Release;
		};
/* End XCConfigurationList section */

/* Begin XCRemoteSwiftPackageReference section */
		65DBF1572AE8F65100FB971B /* XCRemoteSwiftPackageReference "Alamofire" */ = {
			isa = XCRemoteSwiftPackageReference;
			repositoryURL = "https://github.com/Alamofire/Alamofire";
			requirement = {
				kind = upToNextMajorVersion;
				minimumVersion = 5.8.0;
			};
		};
		65DBF1642AE902A400FB971B /* XCRemoteSwiftPackageReference "AlamofireImage" */ = {
			isa = XCRemoteSwiftPackageReference;
			repositoryURL = "https://github.com/Alamofire/AlamofireImage";
			requirement = {
				kind = upToNextMajorVersion;
				minimumVersion = 4.3.0;
			};
		};
/* End XCRemoteSwiftPackageReference section */

/* Begin XCSwiftPackageProductDependency section */
		65DBF1582AE8F65100FB971B /* Alamofire */ = {
			isa = XCSwiftPackageProductDependency;
			package = 65DBF1572AE8F65100FB971B /* XCRemoteSwiftPackageReference "Alamofire" */;
			productName = Alamofire;
		};
		65DBF1652AE902A400FB971B /* AlamofireImage */ = {
			isa = XCSwiftPackageProductDependency;
			package = 65DBF1642AE902A400FB971B /* XCRemoteSwiftPackageReference "AlamofireImage" */;
			productName = AlamofireImage;
		};
/* End XCSwiftPackageProductDependency section */
	};
	rootObject = 65DBF1342AE8F46100FB971B /* Project object */;
}
